
Microsoft Visual Studio Solution File, Format Version 11.00
# Visual C++ Express 2010
Project("{8BC9CEB8-8B4A-11D0-8D11-00A0C91BC942}") = "WAVE", "WAVE\WAVE.vcxproj", "{574BC606-2902-4E07-BB23-6C13DDDF896B}"
EndProject
Project("{8BC9CEB8-8B4A-11D0-8D11-00A0C91BC942}") = "BUMPMAP", "BUMPMAP\BUMPMAP.vcxproj", "{E0B1BEAA-E196-4664-AE4D-799E361F0926}"
EndProject
Project("{8BC9CEB8-8B4A-11D0-8D11-00A0C91BC942}") = "CUBE", "CUBE\CUBE.vcxproj", "{A22A4CDC-724C-466D-AEF2-64DF192D1432}"
EndProject
Project("{8BC9CEB8-8B4A-11D0-8D11-00A0C91BC942}") = "CUBEMAP", "CUBEMAP\CUBEMAP.vcxproj", "{FF7EB170-E879-4AAB-AB01-06C14E6BED34}"
EndProject
Project("{8BC9CEB8-8B4A-11D0-8D11-00A0C91BC942}") = "CUBESHADE", "CUBESHADE\CUBESHADE.vcxproj", "{0BB7D1CC-836A-4E9B-AB51-FA67255C82E4}"
EndProject
Project("{8BC9CEB8-8B4A-11D0-8D11-00A0C91BC942}") = "CUBETEX", "CUBETEX\CUBETEX.vcxproj", "{7076B165-662B-4570-A840-823FCF0DD422}"
EndProject
Project("{8BC9CEB8-8B4A-11D0-8D11-00A0C91BC942}") = "MORPH", "MORPH\MORPH.vcxproj", "{DB2B5FE3-407F-4F5F-A6B2-B944824E1085}"
EndProject
Project("{8BC9CEB8-8B4A-11D0-8D11-00A0C91BC942}") = "NONPHOTO", "NONPHOTO\NONPHOTO.vcxproj", "{4A367698-34CF-4DED-A0CF-7414FF3A2BBC}"
EndProject
Project("{8BC9CEB8-8B4A-11D0-8D11-00A0C91BC942}") = "PARTICLE", "PARTICLE\PARTICLE.vcxproj", "{18D26ED3-FC01-413D-A91E-549EE325FB1C}"
EndProject
Project("{8BC9CEB8-8B4A-11D0-8D11-00A0C91BC942}") = "PHONG", "PHONG\PHONG.vcxproj", "{27F8740A-B366-4A5D-B7F7-28AF7147E416}"
EndProject
Global
	GlobalSection(SolutionConfigurationPlatforms) = preSolution
		Debug|Win32 = Debug|Win32
		Release|Win32 = Release|Win32
	EndGlobalSection
	GlobalSection(ProjectConfigurationPlatforms) = postSolution
		{574BC606-2902-4E07-BB23-6C13DDDF896B}.Debug|Win32.ActiveCfg = Debug|Win32
		{574BC606-2902-4E07-BB23-6C13DDDF896B}.Debug|Win32.Build.0 = Debug|Win32
		{574BC606-2902-4E07-BB23-6C13DDDF896B}.Release|Win32.ActiveCfg = Release|Win32
		{574BC606-2902-4E07-BB23-6C13DDDF896B}.Release|Win32.Build.0 = Release|Win32
		{E0B1BEAA-E196-4664-AE4D-799E361F0926}.Debug|Win32.ActiveCfg = Debug|Win32
		{E0B1BEAA-E196-4664-AE4D-799E361F0926}.Debug|Win32.Build.0 = Debug|Win32
		{E0B1BEAA-E196-4664-AE4D-799E361F0926}.Release|Win32.ActiveCfg = Release|Win32
		{E0B1BEAA-E196-4664-AE4D-799E361F0926}.Release|Win32.Build.0 = Release|Win32
		{A22A4CDC-724C-466D-AEF2-64DF192D1432}.Debug|Win32.ActiveCfg = Debug|Win32
		{A22A4CDC-724C-466D-AEF2-64DF192D1432}.Debug|Win32.Build.0 = Debug|Win32
		{A22A4CDC-724C-466D-AEF2-64DF192D1432}.Release|Win32.ActiveCfg = Release|Win32
		{A22A4CDC-724C-466D-AEF2-64DF192D1432}.Release|Win32.Build.0 = Release|Win32
		{FF7EB170-E879-4AAB-AB01-06C14E6BED34}.Debug|Win32.ActiveCfg = Debug|Win32
		{FF7EB170-E879-4AAB-AB01-06C14E6BED34}.Debug|Win32.Build.0 = Debug|Win32
		{FF7EB170-E879-4AAB-AB01-06C14E6BED34}.Release|Win32.ActiveCfg = Release|Win32
		{FF7EB170-E879-4AAB-AB01-06C14E6BED34}.Release|Win32.Build.0 = Release|Win32
		{0BB7D1CC-836A-4E9B-AB51-FA67255C82E4}.Debug|Win32.ActiveCfg = Debug|Win32
		{0BB7D1CC-836A-4E9B-AB51-FA67255C82E4}.Debug|Win32.Build.0 = Debug|Win32
		{0BB7D1CC-836A-4E9B-AB51-FA67255C82E4}.Release|Win32.ActiveCfg = Release|Win32
		{0BB7D1CC-836A-4E9B-AB51-FA67255C82E4}.Release|Win32.Build.0 = Release|Win32
		{7076B165-662B-4570-A840-823FCF0DD422}.Debug|Win32.ActiveCfg = Debug|Win32
		{7076B165-662B-4570-A840-823FCF0DD422}.Debug|Win32.Build.0 = Debug|Win32
		{7076B165-662B-4570-A840-823FCF0DD422}.Release|Win32.ActiveCfg = Release|Win32
		{7076B165-662B-4570-A840-823FCF0DD422}.Release|Win32.Build.0 = Release|Win32
		{DB2B5FE3-407F-4F5F-A6B2-B944824E1085}.Debug|Win32.ActiveCfg = Debug|Win32
		{DB2B5FE3-407F-4F5F-A6B2-B944824E1085}.Debug|Win32.Build.0 = Debug|Win32
		{DB2B5FE3-407F-4F5F-A6B2-B944824E1085}.Release|Win32.ActiveCfg = Release|Win32
		{DB2B5FE3-407F-4F5F-A6B2-B944824E1085}.Release|Win32.Build.0 = Release|Win32
		{4A367698-34CF-4DED-A0CF-7414FF3A2BBC}.Debug|Win32.ActiveCfg = Debug|Win32
		{4A367698-34CF-4DED-A0CF-7414FF3A2BBC}.Debug|Win32.Build.0 = Debug|Win32
		{4A367698-34CF-4DED-A0CF-7414FF3A2BBC}.Release|Win32.ActiveCfg = Release|Win32
		{4A367698-34CF-4DED-A0CF-7414FF3A2BBC}.Release|Win32.Build.0 = Release|Win32
		{18D26ED3-FC01-413D-A91E-549EE325FB1C}.Debug|Win32.ActiveCfg = Debug|Win32
		{18D26ED3-FC01-413D-A91E-549EE325FB1C}.Debug|Win32.Build.0 = Debug|Win32
		{18D26ED3-FC01-413D-A91E-549EE325FB1C}.Release|Win32.ActiveCfg = Release|Win32
		{18D26ED3-FC01-413D-A91E-549EE325FB1C}.Release|Win32.Build.0 = Release|Win32
		{27F8740A-B366-4A5D-B7F7-28AF7147E416}.Debug|Win32.ActiveCfg = Debug|Win32
		{27F8740A-B366-4A5D-B7F7-28AF7147E416}.Debug|Win32.Build.0 = Debug|Win32
		{27F8740A-B366-4A5D-B7F7-28AF7147E416}.Release|Win32.ActiveCfg = Release|Win32
		{27F8740A-B366-4A5D-B7F7-28AF7147E416}.Release|Win32.Build.0 = Release|Win32
	EndGlobalSection
	GlobalSection(SolutionProperties) = preSolution
		HideSolutionNode = FALSE
	EndGlobalSection
EndGlobal
