
Microsoft Visual Studio Solution File, Format Version 12.00
# Visual Studio 15
VisualStudioVersion = 15.0.27130.0
MinimumVisualStudioVersion = 10.0.40219.1
Project("{8BC9CEB8-8B4A-11D0-8D11-00A0C91BC942}") = "Lab01", "Lab01\Lab01.vcxproj", "{4083FA2F-5598-4407-A131-9CB32ABA559B}"
EndProject
Project("{8BC9CEB8-8B4A-11D0-8D11-00A0C91BC942}") = "Lab02", "Lab02\Lab02.vcxproj", "{539E5C4A-984B-4540-8EB4-C9F59FBC2C50}"
EndProject
Project("{8BC9CEB8-8B4A-11D0-8D11-00A0C91BC942}") = "Lab05", "Lab05\Lab05.vcxproj", "{408C87DD-847F-4B16-8906-B498DB48D79B}"
EndProject
Global
	GlobalSection(SolutionConfigurationPlatforms) = preSolution
		Debug|x64 = Debug|x64
		Debug|x86 = Debug|x86
		Release|x64 = Release|x64
		Release|x86 = Release|x86
	EndGlobalSection
	GlobalSection(ProjectConfigurationPlatforms) = postSolution
		{4083FA2F-5598-4407-A131-9CB32ABA559B}.Debug|x64.ActiveCfg = Debug|x64
		{4083FA2F-5598-4407-A131-9CB32ABA559B}.Debug|x64.Build.0 = Debug|x64
		{4083FA2F-5598-4407-A131-9CB32ABA559B}.Debug|x86.ActiveCfg = Debug|Win32
		{4083FA2F-5598-4407-A131-9CB32ABA559B}.Debug|x86.Build.0 = Debug|Win32
		{4083FA2F-5598-4407-A131-9CB32ABA559B}.Release|x64.ActiveCfg = Release|x64
		{4083FA2F-5598-4407-A131-9CB32ABA559B}.Release|x64.Build.0 = Release|x64
		{4083FA2F-5598-4407-A131-9CB32ABA559B}.Release|x86.ActiveCfg = Release|Win32
		{4083FA2F-5598-4407-A131-9CB32ABA559B}.Release|x86.Build.0 = Release|Win32
		{539E5C4A-984B-4540-8EB4-C9F59FBC2C50}.Debug|x64.ActiveCfg = Debug|x64
		{539E5C4A-984B-4540-8EB4-C9F59FBC2C50}.Debug|x64.Build.0 = Debug|x64
		{539E5C4A-984B-4540-8EB4-C9F59FBC2C50}.Debug|x86.ActiveCfg = Debug|Win32
		{539E5C4A-984B-4540-8EB4-C9F59FBC2C50}.Debug|x86.Build.0 = Debug|Win32
		{539E5C4A-984B-4540-8EB4-C9F59FBC2C50}.Release|x64.ActiveCfg = Release|x64
		{539E5C4A-984B-4540-8EB4-C9F59FBC2C50}.Release|x64.Build.0 = Release|x64
		{539E5C4A-984B-4540-8EB4-C9F59FBC2C50}.Release|x86.ActiveCfg = Release|Win32
		{539E5C4A-984B-4540-8EB4-C9F59FBC2C50}.Release|x86.Build.0 = Release|Win32
		{408C87DD-847F-4B16-8906-B498DB48D79B}.Debug|x64.ActiveCfg = Debug|x64
		{408C87DD-847F-4B16-8906-B498DB48D79B}.Debug|x64.Build.0 = Debug|x64
		{408C87DD-847F-4B16-8906-B498DB48D79B}.Debug|x86.ActiveCfg = Debug|Win32
		{408C87DD-847F-4B16-8906-B498DB48D79B}.Debug|x86.Build.0 = Debug|Win32
		{408C87DD-847F-4B16-8906-B498DB48D79B}.Release|x64.ActiveCfg = Release|x64
		{408C87DD-847F-4B16-8906-B498DB48D79B}.Release|x64.Build.0 = Release|x64
		{408C87DD-847F-4B16-8906-B498DB48D79B}.Release|x86.ActiveCfg = Release|Win32
		{408C87DD-847F-4B16-8906-B498DB48D79B}.Release|x86.Build.0 = Release|Win32
	EndGlobalSection
	GlobalSection(SolutionProperties) = preSolution
		HideSolutionNode = FALSE
	EndGlobalSection
	GlobalSection(ExtensibilityGlobals) = postSolution
		SolutionGuid = {CA1B0A6A-CD88-40F7-975C-386FAFAC1395}
	EndGlobalSection
EndGlobal
